
Microsoft Visual Studio Solution File, Format Version 11.00
# Visual Studio 2010
Project("{FAE04EC0-301F-11D3-BF4B-00C04F79EFBC}") = "DL_Prototype", "Assembly-CSharp.csproj", "{14008AD6-E8B4-231F-624E-EA9CA4B5B834}"
EndProject
Project("{FAE04EC0-301F-11D3-BF4B-00C04F79EFBC}") = "DL_Prototype", "Assembly-CSharp-Editor.csproj", "{596B388B-3D07-49B6-84B7-770407008C2B}"
EndProject
Global
	GlobalSection(SolutionConfigurationPlatforms) = preSolution
		Debug|Any CPU = Debug|Any CPU
		Release|Any CPU = Release|Any CPU
	EndGlobalSection
	GlobalSection(ProjectConfigurationPlatforms) = postSolution
		{14008AD6-E8B4-231F-624E-EA9CA4B5B834}.Debug|Any CPU.ActiveCfg = Debug|Any CPU
		{14008AD6-E8B4-231F-624E-EA9CA4B5B834}.Debug|Any CPU.Build.0 = Debug|Any CPU
		{14008AD6-E8B4-231F-624E-EA9CA4B5B834}.Release|Any CPU.ActiveCfg = Release|Any CPU
		{14008AD6-E8B4-231F-624E-EA9CA4B5B834}.Release|Any CPU.Build.0 = Release|Any CPU
		{596B388B-3D07-49B6-84B7-770407008C2B}.Debug|Any CPU.ActiveCfg = Debug|Any CPU
		{596B388B-3D07-49B6-84B7-770407008C2B}.Debug|Any CPU.Build.0 = Debug|Any CPU
		{596B388B-3D07-49B6-84B7-770407008C2B}.Release|Any CPU.ActiveCfg = Release|Any CPU
		{596B388B-3D07-49B6-84B7-770407008C2B}.Release|Any CPU.Build.0 = Release|Any CPU
	EndGlobalSection
	GlobalSection(SolutionProperties) = preSolution
		HideSolutionNode = FALSE
	EndGlobalSection
	GlobalSection(MonoDevelopProperties) = preSolution
		StartupItem = Assembly-CSharp.csproj
	EndGlobalSection
EndGlobal
