
Microsoft Visual Studio Solution File, Format Version 12.00
# Visual Studio 2017
Project("{FAE04EC0-301F-11D3-BF4B-00C04F79EFBC}") = "DL_Prototype", "DL_Prototype.csproj", "{D19AED74-BB56-E97F-DEDB-5B8EA6DA007D}"
EndProject
Project("{FAE04EC0-301F-11D3-BF4B-00C04F79EFBC}") = "DL_Prototype.Editor", "DL_Prototype.Editor.csproj", "{20B2197D-5208-4A8D-E825-D3352F406446}"
EndProject
Global
	GlobalSection(SolutionConfigurationPlatforms) = preSolution
		Debug|Any CPU = Debug|Any CPU
		Release|Any CPU = Release|Any CPU
	EndGlobalSection
	GlobalSection(ProjectConfigurationPlatforms) = postSolution
		{D19AED74-BB56-E97F-DEDB-5B8EA6DA007D}.Debug|Any CPU.ActiveCfg = Debug|Any CPU
		{D19AED74-BB56-E97F-DEDB-5B8EA6DA007D}.Debug|Any CPU.Build.0 = Debug|Any CPU
		{D19AED74-BB56-E97F-DEDB-5B8EA6DA007D}.Release|Any CPU.ActiveCfg = Release|Any CPU
		{D19AED74-BB56-E97F-DEDB-5B8EA6DA007D}.Release|Any CPU.Build.0 = Release|Any CPU
		{20B2197D-5208-4A8D-E825-D3352F406446}.Debug|Any CPU.ActiveCfg = Debug|Any CPU
		{20B2197D-5208-4A8D-E825-D3352F406446}.Debug|Any CPU.Build.0 = Debug|Any CPU
		{20B2197D-5208-4A8D-E825-D3352F406446}.Release|Any CPU.ActiveCfg = Release|Any CPU
		{20B2197D-5208-4A8D-E825-D3352F406446}.Release|Any CPU.Build.0 = Release|Any CPU
	EndGlobalSection
	GlobalSection(SolutionProperties) = preSolution
		HideSolutionNode = FALSE
	EndGlobalSection
EndGlobal
